{
  "version": 4,
  "terraform_version": "1.2.2",
  "serial": 32,
  "lineage": "21171e0d-42c9-007f-dff9-2489117518fe",
  "outputs": {},
  "resources": [
    {
      "mode": "managed",
      "type": "yandex_compute_image",
      "name": "image",
      "provider": "provider[\"registry.terraform.io/yandex-cloud/yandex\"]",
      "instances": [
        {
          "schema_version": 0,
          "attributes": {
            "created_at": "2022-07-28T21:18:04Z",
            "description": "",
            "family": "",
            "folder_id": "b1gjl0488dbj7totafg8",
            "id": "fd8d76e9qurmkt2vj2d4",
            "labels": null,
            "min_disk_size": 10,
            "name": "",
            "os_type": null,
            "pooled": false,
            "product_ids": [
              "f2evkoq49ntlim1vqo0l"
            ],
            "size": 2,
            "source_disk": null,
            "source_family": "centos-8",
            "source_image": null,
            "source_snapshot": null,
            "source_url": null,
            "status": "ready",
            "timeouts": null
          },
          "sensitive_attributes": [],
          "private": "eyJlMmJmYjczMC1lY2FhLTExZTYtOGY4OC0zNDM2M2JjN2M0YzAiOnsiY3JlYXRlIjozMDAwMDAwMDAwMDAsImRlbGV0ZSI6MzAwMDAwMDAwMDAwLCJ1cGRhdGUiOjMwMDAwMDAwMDAwMH19"
        }
      ]
    },
    {
      "mode": "managed",
      "type": "yandex_compute_instance",
      "name": "vm1",
      "provider": "provider[\"registry.terraform.io/yandex-cloud/yandex\"]",
      "instances": [
        {
          "schema_version": 1,
          "attributes": {
            "allow_recreate": null,
            "allow_stopping_for_update": true,
            "boot_disk": [
              {
                "auto_delete": true,
                "device_name": "fhmndkp8qo0onjjrmtgo",
                "disk_id": "fhmndkp8qo0onjjrmtgo",
                "initialize_params": [
                  {
                    "block_size": 4096,
                    "description": "",
                    "image_id": "fd8d76e9qurmkt2vj2d4",
                    "name": "root-vm1",
                    "size": 30,
                    "snapshot_id": "",
                    "type": "network-ssd"
                  }
                ],
                "mode": "READ_WRITE"
              }
            ],
            "created_at": "2022-07-28T21:18:19Z",
            "description": "",
            "folder_id": "b1gjl0488dbj7totafg8",
            "fqdn": "vm1.netology.cloud",
            "hostname": "vm1.netology.cloud",
            "id": "fhmfnkvmjo9s397ts45q",
            "labels": null,
            "local_disk": [],
            "metadata": {
              "ssh-keys": "centos:ssh-rsa AAAAB3NzaC1yc2EAAAADAQABAAABgQCiczfAD4mqrE1Qolxag4LH+ADEaBCvWVhg83cmxEi9AWWKIiFJH2XFhGJTeBb1uEso9hBcekEOBcYRnthNcjWq0bHXtvv2rIOrbSTBHD6MyV/ChTkotdB7NXCccaSKONtv89VCyqGBdodHsX58AWLln47bB1ewU8V5wJnJp1I5ZpeIidJvRTTbGEASZFmvnO3/KqqgGuisTKmRRjvaGOFb5rJJAYRgrupONpwJDKjTVD8XMmlSMs/mIztJ/CawHZkIqZ/4NxAIhPNuvn8l8SykEXM/QdqIjSTqDxTehHcwNbw8T+xyof6aXt+3pbaDvU00TnUFdtKD51mh7bRRzchyRO6FH8pUFRiVJYGkE4MHn9w2/mA31nVf0DuOtjR9ciH7/P/Wtr9IVsF8YN9df82D8cNnv97c4wZma6I/GT5Qgoe0cs8l3KaPHOVRtKyM1xISxqI4+qROmDHM+pdp2mr0pR2ikndBEZrHE3xxHSLBX0RZe+brCRD68FFO1MWC/Ns= artem@ubuntu\n"
            },
            "name": "vm1",
            "network_acceleration_type": "standard",
            "network_interface": [
              {
                "dns_record": [],
                "index": 0,
                "ip_address": "192.168.101.10",
                "ipv4": true,
                "ipv6": false,
                "ipv6_address": "",
                "ipv6_dns_record": [],
                "mac_address": "d0:0d:fb:d3:f6:9e",
                "nat": true,
                "nat_dns_record": [],
                "nat_ip_address": "51.250.94.53",
                "nat_ip_version": "IPV4",
                "security_group_ids": [],
                "subnet_id": "e9b0j01aorqvom613t8p"
              }
            ],
            "placement_policy": [
              {
                "host_affinity_rules": [],
                "placement_group_id": ""
              }
            ],
            "platform_id": "standard-v1",
            "resources": [
              {
                "core_fraction": 100,
                "cores": 2,
                "gpus": 0,
                "memory": 2
              }
            ],
            "scheduling_policy": [
              {
                "preemptible": false
              }
            ],
            "secondary_disk": [],
            "service_account_id": "",
            "status": "running",
            "timeouts": null,
            "zone": "ru-central1-a"
          },
          "sensitive_attributes": [],
          "private": "eyJlMmJmYjczMC1lY2FhLTExZTYtOGY4OC0zNDM2M2JjN2M0YzAiOnsiY3JlYXRlIjozMDAwMDAwMDAwMDAsImRlbGV0ZSI6MzAwMDAwMDAwMDAwLCJ1cGRhdGUiOjMwMDAwMDAwMDAwMH0sInNjaGVtYV92ZXJzaW9uIjoiMSJ9",
          "dependencies": [
            "yandex_compute_image.image",
            "yandex_vpc_network.default",
            "yandex_vpc_subnet.default"
          ]
        }
      ]
    },
    {
      "mode": "managed",
      "type": "yandex_storage_bucket",
      "name": "test",
      "provider": "provider[\"registry.terraform.io/yandex-cloud/yandex\"]",
      "instances": [
        {
          "schema_version": 0,
          "attributes": {
            "access_key": "YCAJEe1qfB6ng9cSWti6Q0wzD",
            "acl": "private",
            "anonymous_access_flags": [
              {
                "list": false,
                "read": false
              }
            ],
            "bucket": "tiinamu-bucket",
            "bucket_domain_name": "tiinamu-bucket.storage.yandexcloud.net",
            "bucket_prefix": null,
            "cors_rule": [],
            "default_storage_class": "STANDARD",
            "folder_id": "b1gjl0488dbj7totafg8",
            "force_destroy": false,
            "grant": [],
            "https": [],
            "id": "tiinamu-bucket",
            "lifecycle_rule": [],
            "logging": [],
            "max_size": 0,
            "policy": "",
            "secret_key": "YCM1LJ8lBvph0T4j43juSJu0FBdJk1tuXOg0-UDv",
            "server_side_encryption_configuration": [],
            "versioning": [
              {
                "enabled": false
              }
            ],
            "website": [],
            "website_domain": null,
            "website_endpoint": null
          },
          "sensitive_attributes": [],
          "private": "bnVsbA=="
        }
      ]
    },
    {
      "mode": "managed",
      "type": "yandex_vpc_network",
      "name": "default",
      "provider": "provider[\"registry.terraform.io/yandex-cloud/yandex\"]",
      "instances": [
        {
          "schema_version": 0,
          "attributes": {
            "created_at": "2022-07-28T21:18:04Z",
            "default_security_group_id": "",
            "description": "",
            "folder_id": "b1gjl0488dbj7totafg8",
            "id": "enpd4mb41822frd5dbv9",
            "labels": {},
            "name": "net",
            "subnet_ids": [],
            "timeouts": null
          },
          "sensitive_attributes": [],
          "private": "eyJlMmJmYjczMC1lY2FhLTExZTYtOGY4OC0zNDM2M2JjN2M0YzAiOnsiY3JlYXRlIjo2MDAwMDAwMDAwMCwiZGVsZXRlIjo2MDAwMDAwMDAwMCwidXBkYXRlIjo2MDAwMDAwMDAwMH19"
        }
      ]
    },
    {
      "mode": "managed",
      "type": "yandex_vpc_subnet",
      "name": "default",
      "provider": "provider[\"registry.terraform.io/yandex-cloud/yandex\"]",
      "instances": [
        {
          "schema_version": 0,
          "attributes": {
            "created_at": "2022-07-28T21:18:05Z",
            "description": "",
            "dhcp_options": [],
            "folder_id": "b1gjl0488dbj7totafg8",
            "id": "e9b0j01aorqvom613t8p",
            "labels": {},
            "name": "subnet",
            "network_id": "enpd4mb41822frd5dbv9",
            "route_table_id": "",
            "timeouts": null,
            "v4_cidr_blocks": [
              "192.168.101.0/24"
            ],
            "v6_cidr_blocks": [],
            "zone": "ru-central1-a"
          },
          "sensitive_attributes": [],
          "private": "eyJlMmJmYjczMC1lY2FhLTExZTYtOGY4OC0zNDM2M2JjN2M0YzAiOnsiY3JlYXRlIjoxODAwMDAwMDAwMDAsImRlbGV0ZSI6MTgwMDAwMDAwMDAwLCJ1cGRhdGUiOjE4MDAwMDAwMDAwMH19",
          "dependencies": [
            "yandex_vpc_network.default"
          ]
        }
      ]
    }
  ]
}
