{
  "version": 4,
  "terraform_version": "1.2.2",
  "serial": 12,
  "lineage": "21171e0d-42c9-007f-dff9-2489117518fe",
  "outputs": {
    "external_ip_address_node01_yandex_cloud": {
      "value": "51.250.90.228",
      "type": "string"
    },
    "internal_ip_address_node01_yandex_cloud": {
      "value": "192.168.101.32",
      "type": "string"
    }
  },
  "resources": [
    {
      "mode": "managed",
      "type": "yandex_compute_instance",
      "name": "node01",
      "provider": "provider[\"registry.terraform.io/yandex-cloud/yandex\"]",
      "instances": [
        {
          "schema_version": 1,
          "attributes": {
            "allow_recreate": null,
            "allow_stopping_for_update": true,
            "boot_disk": [
              {
                "auto_delete": true,
                "device_name": "fhmqmm6aup046fmh9hil",
                "disk_id": "fhmqmm6aup046fmh9hil",
                "initialize_params": [
                  {
                    "block_size": 4096,
                    "description": "",
                    "image_id": "fd84756mb8sn06j43dpj",
                    "name": "root-node01",
                    "size": 50,
                    "snapshot_id": "",
                    "type": "network-ssd"
                  }
                ],
                "mode": "READ_WRITE"
              }
            ],
            "created_at": "2022-06-12T09:22:57Z",
            "description": "",
            "folder_id": "b1gjl0488dbj7totafg8",
            "fqdn": "node01.netology.cloud",
            "hostname": "node01",
            "id": "fhmbsj2ct4bdp7hvqp6b",
            "labels": null,
            "metadata": {
              "ssh-keys": "centos:ssh-rsa AAAAB3NzaC1yc2EAAAADAQABAAABgQCiczfAD4mqrE1Qolxag4LH+ADEaBCvWVhg83cmxEi9AWWKIiFJH2XFhGJTeBb1uEso9hBcekEOBcYRnthNcjWq0bHXtvv2rIOrbSTBHD6MyV/ChTkotdB7NXCccaSKONtv89VCyqGBdodHsX58AWLln47bB1ewU8V5wJnJp1I5ZpeIidJvRTTbGEASZFmvnO3/KqqgGuisTKmRRjvaGOFb5rJJAYRgrupONpwJDKjTVD8XMmlSMs/mIztJ/CawHZkIqZ/4NxAIhPNuvn8l8SykEXM/QdqIjSTqDxTehHcwNbw8T+xyof6aXt+3pbaDvU00TnUFdtKD51mh7bRRzchyRO6FH8pUFRiVJYGkE4MHn9w2/mA31nVf0DuOtjR9ciH7/P/Wtr9IVsF8YN9df82D8cNnv97c4wZma6I/GT5Qgoe0cs8l3KaPHOVRtKyM1xISxqI4+qROmDHM+pdp2mr0pR2ikndBEZrHE3xxHSLBX0RZe+brCRD68FFO1MWC/Ns= artem@ubuntu\n"
            },
            "name": "node01",
            "network_acceleration_type": "standard",
            "network_interface": [
              {
                "dns_record": [],
                "index": 0,
                "ip_address": "192.168.101.32",
                "ipv4": true,
                "ipv6": false,
                "ipv6_address": "",
                "ipv6_dns_record": [],
                "mac_address": "d0:0d:be:4c:4c:e9",
                "nat": true,
                "nat_dns_record": [],
                "nat_ip_address": "51.250.90.228",
                "nat_ip_version": "IPV4",
                "security_group_ids": [],
                "subnet_id": "e9bhuo6phgor038olb77"
              }
            ],
            "placement_policy": [
              {
                "host_affinity_rules": [],
                "placement_group_id": ""
              }
            ],
            "platform_id": "standard-v1",
            "resources": [
              {
                "core_fraction": 100,
                "cores": 8,
                "gpus": 0,
                "memory": 8
              }
            ],
            "scheduling_policy": [
              {
                "preemptible": false
              }
            ],
            "secondary_disk": [],
            "service_account_id": "",
            "status": "running",
            "timeouts": null,
            "zone": "ru-central1-a"
          },
          "sensitive_attributes": [],
          "private": "eyJlMmJmYjczMC1lY2FhLTExZTYtOGY4OC0zNDM2M2JjN2M0YzAiOnsiY3JlYXRlIjozMDAwMDAwMDAwMDAsImRlbGV0ZSI6MzAwMDAwMDAwMDAwLCJ1cGRhdGUiOjMwMDAwMDAwMDAwMH0sInNjaGVtYV92ZXJzaW9uIjoiMSJ9",
          "dependencies": [
            "yandex_vpc_network.default",
            "yandex_vpc_subnet.default"
          ]
        }
      ]
    },
    {
      "mode": "managed",
      "type": "yandex_vpc_network",
      "name": "default",
      "provider": "provider[\"registry.terraform.io/yandex-cloud/yandex\"]",
      "instances": [
        {
          "schema_version": 0,
          "attributes": {
            "created_at": "2022-06-12T09:22:48Z",
            "default_security_group_id": "",
            "description": "",
            "folder_id": "b1gjl0488dbj7totafg8",
            "id": "enpfrheg6bbv7phlvbal",
            "labels": {},
            "name": "net",
            "subnet_ids": [],
            "timeouts": null
          },
          "sensitive_attributes": [],
          "private": "eyJlMmJmYjczMC1lY2FhLTExZTYtOGY4OC0zNDM2M2JjN2M0YzAiOnsiY3JlYXRlIjo2MDAwMDAwMDAwMCwiZGVsZXRlIjo2MDAwMDAwMDAwMCwidXBkYXRlIjo2MDAwMDAwMDAwMH19"
        }
      ]
    },
    {
      "mode": "managed",
      "type": "yandex_vpc_subnet",
      "name": "default",
      "provider": "provider[\"registry.terraform.io/yandex-cloud/yandex\"]",
      "instances": [
        {
          "schema_version": 0,
          "attributes": {
            "created_at": "2022-06-12T09:22:52Z",
            "description": "",
            "dhcp_options": [],
            "folder_id": "b1gjl0488dbj7totafg8",
            "id": "e9bhuo6phgor038olb77",
            "labels": {},
            "name": "subnet",
            "network_id": "enpfrheg6bbv7phlvbal",
            "route_table_id": "",
            "timeouts": null,
            "v4_cidr_blocks": [
              "192.168.101.0/24"
            ],
            "v6_cidr_blocks": [],
            "zone": "ru-central1-a"
          },
          "sensitive_attributes": [],
          "private": "eyJlMmJmYjczMC1lY2FhLTExZTYtOGY4OC0zNDM2M2JjN2M0YzAiOnsiY3JlYXRlIjoxODAwMDAwMDAwMDAsImRlbGV0ZSI6MTgwMDAwMDAwMDAwLCJ1cGRhdGUiOjE4MDAwMDAwMDAwMH19",
          "dependencies": [
            "yandex_vpc_network.default"
          ]
        }
      ]
    }
  ]
}
